// !$*UTF8*$!
{
	archiveVersion = 1;
	classes = {
	};
	objectVersion = 46;
	objects = {

/* Begin PBXBuildFile section */
		0032C74D1F4DB94900CB9E39 /* main.m in Sources */ = {isa = PBXBuildFile; fileRef = 0032C74C1F4DB94900CB9E39 /* main.m */; };
		0032C7501F4DB94900CB9E39 /* AppDelegate.m in Sources */ = {isa = PBXBuildFile; fileRef = 0032C74F1F4DB94900CB9E39 /* AppDelegate.m */; };
		0032C7531F4DB94900CB9E39 /* ViewController.m in Sources */ = {isa = PBXBuildFile; fileRef = 0032C7521F4DB94900CB9E39 /* ViewController.m */; };
		0032C7561F4DB94900CB9E39 /* Main.storyboard in Resources */ = {isa = PBXBuildFile; fileRef = 0032C7541F4DB94900CB9E39 /* Main.storyboard */; };
		0032C7581F4DB94900CB9E39 /* Assets.xcassets in Resources */ = {isa = PBXBuildFile; fileRef = 0032C7571F4DB94900CB9E39 /* Assets.xcassets */; };
		0032C75B1F4DB94900CB9E39 /* LaunchScreen.storyboard in Resources */ = {isa = PBXBuildFile; fileRef = 0032C7591F4DB94900CB9E39 /* LaunchScreen.storyboard */; };
		0032C7661F4DB94900CB9E39 /* FlagQuizTests.m in Sources */ = {isa = PBXBuildFile; fileRef = 0032C7651F4DB94900CB9E39 /* FlagQuizTests.m */; };
		0032C7711F4DB94900CB9E39 /* FlagQuizUITests.m in Sources */ = {isa = PBXBuildFile; fileRef = 0032C7701F4DB94900CB9E39 /* FlagQuizUITests.m */; };
		0032C77F1F4DC08A00CB9E39 /* Localizable.strings in Resources */ = {isa = PBXBuildFile; fileRef = 0032C77E1F4DC08A00CB9E39 /* Localizable.strings */; };
		0032C7821F4DC3FC00CB9E39 /* array.plist in Resources */ = {isa = PBXBuildFile; fileRef = 0032C7811F4DC3FC00CB9E39 /* array.plist */; };
/* End PBXBuildFile section */

/* Begin PBXContainerItemProxy section */
		0032C7621F4DB94900CB9E39 /* PBXContainerItemProxy */ = {
			isa = PBXContainerItemProxy;
			containerPortal = 0032C7401F4DB94800CB9E39 /* Project object */;
			proxyType = 1;
			remoteGlobalIDString = 0032C7471F4DB94800CB9E39;
			remoteInfo = FlagQuiz;
		};
		0032C76D1F4DB94900CB9E39 /* PBXContainerItemProxy */ = {
			isa = PBXContainerItemProxy;
			containerPortal = 0032C7401F4DB94800CB9E39 /* Project object */;
			proxyType = 1;
			remoteGlobalIDString = 0032C7471F4DB94800CB9E39;
			remoteInfo = FlagQuiz;
		};
/* End PBXContainerItemProxy section */

/* Begin PBXFileReference section */
		0032C7481F4DB94900CB9E39 /* FlagQuiz.app */ = {isa = PBXFileReference; explicitFileType = wrapper.application; includeInIndex = 0; path = FlagQuiz.app; sourceTree = BUILT_PRODUCTS_DIR; };
		0032C74C1F4DB94900CB9E39 /* main.m */ = {isa = PBXFileReference; lastKnownFileType = sourcecode.c.objc; path = main.m; sourceTree = "<group>"; };
		0032C74E1F4DB94900CB9E39 /* AppDelegate.h */ = {isa = PBXFileReference; lastKnownFileType = sourcecode.c.h; path = AppDelegate.h; sourceTree = "<group>"; };
		0032C74F1F4DB94900CB9E39 /* AppDelegate.m */ = {isa = PBXFileReference; lastKnownFileType = sourcecode.c.objc; path = AppDelegate.m; sourceTree = "<group>"; };
		0032C7511F4DB94900CB9E39 /* ViewController.h */ = {isa = PBXFileReference; lastKnownFileType = sourcecode.c.h; path = ViewController.h; sourceTree = "<group>"; };
		0032C7521F4DB94900CB9E39 /* ViewController.m */ = {isa = PBXFileReference; lastKnownFileType = sourcecode.c.objc; path = ViewController.m; sourceTree = "<group>"; };
		0032C7551F4DB94900CB9E39 /* Base */ = {isa = PBXFileReference; lastKnownFileType = file.storyboard; name = Base; path = Base.lproj/Main.storyboard; sourceTree = "<group>"; };
		0032C7571F4DB94900CB9E39 /* Assets.xcassets */ = {isa = PBXFileReference; lastKnownFileType = folder.assetcatalog; path = Assets.xcassets; sourceTree = "<group>"; };
		0032C75A1F4DB94900CB9E39 /* Base */ = {isa = PBXFileReference; lastKnownFileType = file.storyboard; name = Base; path = Base.lproj/LaunchScreen.storyboard; sourceTree = "<group>"; };
		0032C75C1F4DB94900CB9E39 /* Info.plist */ = {isa = PBXFileReference; lastKnownFileType = text.plist.xml; path = Info.plist; sourceTree = "<group>"; };
		0032C7611F4DB94900CB9E39 /* FlagQuizTests.xctest */ = {isa = PBXFileReference; explicitFileType = wrapper.cfbundle; includeInIndex = 0; path = FlagQuizTests.xctest; sourceTree = BUILT_PRODUCTS_DIR; };
		0032C7651F4DB94900CB9E39 /* FlagQuizTests.m */ = {isa = PBXFileReference; lastKnownFileType = sourcecode.c.objc; path = FlagQuizTests.m; sourceTree = "<group>"; };
		0032C7671F4DB94900CB9E39 /* Info.plist */ = {isa = PBXFileReference; lastKnownFileType = text.plist.xml; path = Info.plist; sourceTree = "<group>"; };
		0032C76C1F4DB94900CB9E39 /* FlagQuizUITests.xctest */ = {isa = PBXFileReference; explicitFileType = wrapper.cfbundle; includeInIndex = 0; path = FlagQuizUITests.xctest; sourceTree = BUILT_PRODUCTS_DIR; };
		0032C7701F4DB94900CB9E39 /* FlagQuizUITests.m */ = {isa = PBXFileReference; lastKnownFileType = sourcecode.c.objc; path = FlagQuizUITests.m; sourceTree = "<group>"; };
		0032C7721F4DB94900CB9E39 /* Info.plist */ = {isa = PBXFileReference; lastKnownFileType = text.plist.xml; path = Info.plist; sourceTree = "<group>"; };
		0032C77E1F4DC08A00CB9E39 /* Localizable.strings */ = {isa = PBXFileReference; fileEncoding = 4; lastKnownFileType = text.plist.strings; path = Localizable.strings; sourceTree = "<group>"; };
		0032C7811F4DC3FC00CB9E39 /* array.plist */ = {isa = PBXFileReference; fileEncoding = 4; lastKnownFileType = text.plist.xml; path = array.plist; sourceTree = "<group>"; };
/* End PBXFileReference section */

/* Begin PBXFrameworksBuildPhase section */
		0032C7451F4DB94800CB9E39 /* Frameworks */ = {
			isa = PBXFrameworksBuildPhase;
			buildActionMask = 2147483647;
			files = (
			);
			runOnlyForDeploymentPostprocessing = 0;
		};
		0032C75E1F4DB94900CB9E39 /* Frameworks */ = {
			isa = PBXFrameworksBuildPhase;
			buildActionMask = 2147483647;
			files = (
			);
			runOnlyForDeploymentPostprocessing = 0;
		};
		0032C7691F4DB94900CB9E39 /* Frameworks */ = {
			isa = PBXFrameworksBuildPhase;
			buildActionMask = 2147483647;
			files = (
			);
			runOnlyForDeploymentPostprocessing = 0;
		};
/* End PBXFrameworksBuildPhase section */

/* Begin PBXGroup section */
		0032C73F1F4DB94800CB9E39 = {
			isa = PBXGroup;
			children = (
				0032C74A1F4DB94900CB9E39 /* FlagQuiz */,
				0032C7641F4DB94900CB9E39 /* FlagQuizTests */,
				0032C76F1F4DB94900CB9E39 /* FlagQuizUITests */,
				0032C7491F4DB94900CB9E39 /* Products */,
			);
			sourceTree = "<group>";
		};
		0032C7491F4DB94900CB9E39 /* Products */ = {
			isa = PBXGroup;
			children = (
				0032C7481F4DB94900CB9E39 /* FlagQuiz.app */,
				0032C7611F4DB94900CB9E39 /* FlagQuizTests.xctest */,
				0032C76C1F4DB94900CB9E39 /* FlagQuizUITests.xctest */,
			);
			name = Products;
			sourceTree = "<group>";
		};
		0032C74A1F4DB94900CB9E39 /* FlagQuiz */ = {
			isa = PBXGroup;
			children = (
				0032C74E1F4DB94900CB9E39 /* AppDelegate.h */,
				0032C74F1F4DB94900CB9E39 /* AppDelegate.m */,
				0032C7511F4DB94900CB9E39 /* ViewController.h */,
				0032C7521F4DB94900CB9E39 /* ViewController.m */,
				0032C7541F4DB94900CB9E39 /* Main.storyboard */,
				0032C7801F4DC09D00CB9E39 /* Resources */,
				0032C7591F4DB94900CB9E39 /* LaunchScreen.storyboard */,
				0032C75C1F4DB94900CB9E39 /* Info.plist */,
				0032C74B1F4DB94900CB9E39 /* Supporting Files */,
			);
			path = FlagQuiz;
			sourceTree = "<group>";
		};
		0032C74B1F4DB94900CB9E39 /* Supporting Files */ = {
			isa = PBXGroup;
			children = (
				0032C74C1F4DB94900CB9E39 /* main.m */,
			);
			name = "Supporting Files";
			sourceTree = "<group>";
		};
		0032C7641F4DB94900CB9E39 /* FlagQuizTests */ = {
			isa = PBXGroup;
			children = (
				0032C7651F4DB94900CB9E39 /* FlagQuizTests.m */,
				0032C7671F4DB94900CB9E39 /* Info.plist */,
			);
			path = FlagQuizTests;
			sourceTree = "<group>";
		};
		0032C76F1F4DB94900CB9E39 /* FlagQuizUITests */ = {
			isa = PBXGroup;
			children = (
				0032C7701F4DB94900CB9E39 /* FlagQuizUITests.m */,
				0032C7721F4DB94900CB9E39 /* Info.plist */,
			);
			path = FlagQuizUITests;
			sourceTree = "<group>";
		};
		0032C7801F4DC09D00CB9E39 /* Resources */ = {
			isa = PBXGroup;
			children = (
				0032C7571F4DB94900CB9E39 /* Assets.xcassets */,
				0032C77E1F4DC08A00CB9E39 /* Localizable.strings */,
				0032C7811F4DC3FC00CB9E39 /* array.plist */,
			);
			name = Resources;
			sourceTree = "<group>";
		};
/* End PBXGroup section */

/* Begin PBXNativeTarget section */
		0032C7471F4DB94800CB9E39 /* FlagQuiz */ = {
			isa = PBXNativeTarget;
			buildConfigurationList = 0032C7751F4DB94900CB9E39 /* Build configuration list for PBXNativeTarget "FlagQuiz" */;
			buildPhases = (
				0032C7441F4DB94800CB9E39 /* Sources */,
				0032C7451F4DB94800CB9E39 /* Frameworks */,
				0032C7461F4DB94800CB9E39 /* Resources */,
			);
			buildRules = (
			);
			dependencies = (
			);
			name = FlagQuiz;
			productName = FlagQuiz;
			productReference = 0032C7481F4DB94900CB9E39 /* FlagQuiz.app */;
			productType = "com.apple.product-type.application";
		};
		0032C7601F4DB94900CB9E39 /* FlagQuizTests */ = {
			isa = PBXNativeTarget;
			buildConfigurationList = 0032C7781F4DB94900CB9E39 /* Build configuration list for PBXNativeTarget "FlagQuizTests" */;
			buildPhases = (
				0032C75D1F4DB94900CB9E39 /* Sources */,
				0032C75E1F4DB94900CB9E39 /* Frameworks */,
				0032C75F1F4DB94900CB9E39 /* Resources */,
			);
			buildRules = (
			);
			dependencies = (
				0032C7631F4DB94900CB9E39 /* PBXTargetDependency */,
			);
			name = FlagQuizTests;
			productName = FlagQuizTests;
			productReference = 0032C7611F4DB94900CB9E39 /* FlagQuizTests.xctest */;
			productType = "com.apple.product-type.bundle.unit-test";
		};
		0032C76B1F4DB94900CB9E39 /* FlagQuizUITests */ = {
			isa = PBXNativeTarget;
			buildConfigurationList = 0032C77B1F4DB94900CB9E39 /* Build configuration list for PBXNativeTarget "FlagQuizUITests" */;
			buildPhases = (
				0032C7681F4DB94900CB9E39 /* Sources */,
				0032C7691F4DB94900CB9E39 /* Frameworks */,
				0032C76A1F4DB94900CB9E39 /* Resources */,
			);
			buildRules = (
			);
			dependencies = (
				0032C76E1F4DB94900CB9E39 /* PBXTargetDependency */,
			);
			name = FlagQuizUITests;
			productName = FlagQuizUITests;
			productReference = 0032C76C1F4DB94900CB9E39 /* FlagQuizUITests.xctest */;
			productType = "com.apple.product-type.bundle.ui-testing";
		};
/* End PBXNativeTarget section */

/* Begin PBXProject section */
		0032C7401F4DB94800CB9E39 /* Project object */ = {
			isa = PBXProject;
			attributes = {
				LastUpgradeCheck = 0820;
				ORGANIZATIONNAME = "Pedro Brandão";
				TargetAttributes = {
					0032C7471F4DB94800CB9E39 = {
						CreatedOnToolsVersion = 8.2;
						DevelopmentTeam = U3A2WCJ8XS;
						ProvisioningStyle = Automatic;
					};
					0032C7601F4DB94900CB9E39 = {
						CreatedOnToolsVersion = 8.2;
						DevelopmentTeam = U3A2WCJ8XS;
						ProvisioningStyle = Automatic;
						TestTargetID = 0032C7471F4DB94800CB9E39;
					};
					0032C76B1F4DB94900CB9E39 = {
						CreatedOnToolsVersion = 8.2;
						DevelopmentTeam = U3A2WCJ8XS;
						ProvisioningStyle = Automatic;
						TestTargetID = 0032C7471F4DB94800CB9E39;
					};
				};
			};
			buildConfigurationList = 0032C7431F4DB94800CB9E39 /* Build configuration list for PBXProject "FlagQuiz" */;
			compatibilityVersion = "Xcode 3.2";
			developmentRegion = English;
			hasScannedForEncodings = 0;
			knownRegions = (
				en,
				Base,
			);
			mainGroup = 0032C73F1F4DB94800CB9E39;
			productRefGroup = 0032C7491F4DB94900CB9E39 /* Products */;
			projectDirPath = "";
			projectRoot = "";
			targets = (
				0032C7471F4DB94800CB9E39 /* FlagQuiz */,
				0032C7601F4DB94900CB9E39 /* FlagQuizTests */,
				0032C76B1F4DB94900CB9E39 /* FlagQuizUITests */,
			);
		};
/* End PBXProject section */

/* Begin PBXResourcesBuildPhase section */
		0032C7461F4DB94800CB9E39 /* Resources */ = {
			isa = PBXResourcesBuildPhase;
			buildActionMask = 2147483647;
			files = (
				0032C75B1F4DB94900CB9E39 /* LaunchScreen.storyboard in Resources */,
				0032C7821F4DC3FC00CB9E39 /* array.plist in Resources */,
				0032C77F1F4DC08A00CB9E39 /* Localizable.strings in Resources */,
				0032C7581F4DB94900CB9E39 /* Assets.xcassets in Resources */,
				0032C7561F4DB94900CB9E39 /* Main.storyboard in Resources */,
			);
			runOnlyForDeploymentPostprocessing = 0;
		};
		0032C75F1F4DB94900CB9E39 /* Resources */ = {
			isa = PBXResourcesBuildPhase;
			buildActionMask = 2147483647;
			files = (
			);
			runOnlyForDeploymentPostprocessing = 0;
		};
		0032C76A1F4DB94900CB9E39 /* Resources */ = {
			isa = PBXResourcesBuildPhase;
			buildActionMask = 2147483647;
			files = (
			);
			runOnlyForDeploymentPostprocessing = 0;
		};
/* End PBXResourcesBuildPhase section */

/* Begin PBXSourcesBuildPhase section */
		0032C7441F4DB94800CB9E39 /* Sources */ = {
			isa = PBXSourcesBuildPhase;
			buildActionMask = 2147483647;
			files = (
				0032C7531F4DB94900CB9E39 /* ViewController.m in Sources */,
				0032C7501F4DB94900CB9E39 /* AppDelegate.m in Sources */,
				0032C74D1F4DB94900CB9E39 /* main.m in Sources */,
			);
			runOnlyForDeploymentPostprocessing = 0;
		};
		0032C75D1F4DB94900CB9E39 /* Sources */ = {
			isa = PBXSourcesBuildPhase;
			buildActionMask = 2147483647;
			files = (
				0032C7661F4DB94900CB9E39 /* FlagQuizTests.m in Sources */,
			);
			runOnlyForDeploymentPostprocessing = 0;
		};
		0032C7681F4DB94900CB9E39 /* Sources */ = {
			isa = PBXSourcesBuildPhase;
			buildActionMask = 2147483647;
			files = (
				0032C7711F4DB94900CB9E39 /* FlagQuizUITests.m in Sources */,
			);
			runOnlyForDeploymentPostprocessing = 0;
		};
/* End PBXSourcesBuildPhase section */

/* Begin PBXTargetDependency section */
		0032C7631F4DB94900CB9E39 /* PBXTargetDependency */ = {
			isa = PBXTargetDependency;
			target = 0032C7471F4DB94800CB9E39 /* FlagQuiz */;
			targetProxy = 0032C7621F4DB94900CB9E39 /* PBXContainerItemProxy */;
		};
		0032C76E1F4DB94900CB9E39 /* PBXTargetDependency */ = {
			isa = PBXTargetDependency;
			target = 0032C7471F4DB94800CB9E39 /* FlagQuiz */;
			targetProxy = 0032C76D1F4DB94900CB9E39 /* PBXContainerItemProxy */;
		};
/* End PBXTargetDependency section */

/* Begin PBXVariantGroup section */
		0032C7541F4DB94900CB9E39 /* Main.storyboard */ = {
			isa = PBXVariantGroup;
			children = (
				0032C7551F4DB94900CB9E39 /* Base */,
			);
			name = Main.storyboard;
			sourceTree = "<group>";
		};
		0032C7591F4DB94900CB9E39 /* LaunchScreen.storyboard */ = {
			isa = PBXVariantGroup;
			children = (
				0032C75A1F4DB94900CB9E39 /* Base */,
			);
			name = LaunchScreen.storyboard;
			sourceTree = "<group>";
		};
/* End PBXVariantGroup section */

/* Begin XCBuildConfiguration section */
		0032C7731F4DB94900CB9E39 /* Debug */ = {
			isa = XCBuildConfiguration;
			buildSettings = {
				ALWAYS_SEARCH_USER_PATHS = NO;
				CLANG_ANALYZER_NONNULL = YES;
				CLANG_CXX_LANGUAGE_STANDARD = "gnu++0x";
				CLANG_CXX_LIBRARY = "libc++";
				CLANG_ENABLE_MODULES = YES;
				CLANG_ENABLE_OBJC_ARC = YES;
				CLANG_WARN_BOOL_CONVERSION = YES;
				CLANG_WARN_CONSTANT_CONVERSION = YES;
				CLANG_WARN_DIRECT_OBJC_ISA_USAGE = YES_ERROR;
				CLANG_WARN_DOCUMENTATION_COMMENTS = YES;
				CLANG_WARN_EMPTY_BODY = YES;
				CLANG_WARN_ENUM_CONVERSION = YES;
				CLANG_WARN_INFINITE_RECURSION = YES;
				CLANG_WARN_INT_CONVERSION = YES;
				CLANG_WARN_OBJC_ROOT_CLASS = YES_ERROR;
				CLANG_WARN_SUSPICIOUS_MOVE = YES;
				CLANG_WARN_UNREACHABLE_CODE = YES;
				CLANG_WARN__DUPLICATE_METHOD_MATCH = YES;
				"CODE_SIGN_IDENTITY[sdk=iphoneos*]" = "iPhone Developer";
				COPY_PHASE_STRIP = NO;
				DEBUG_INFORMATION_FORMAT = dwarf;
				ENABLE_STRICT_OBJC_MSGSEND = YES;
				ENABLE_TESTABILITY = YES;
				GCC_C_LANGUAGE_STANDARD = gnu99;
				GCC_DYNAMIC_NO_PIC = NO;
				GCC_NO_COMMON_BLOCKS = YES;
				GCC_OPTIMIZATION_LEVEL = 0;
				GCC_PREPROCESSOR_DEFINITIONS = (
					"DEBUG=1",
					"$(inherited)",
				);
				GCC_WARN_64_TO_32_BIT_CONVERSION = YES;
				GCC_WARN_ABOUT_RETURN_TYPE = YES_ERROR;
				GCC_WARN_UNDECLARED_SELECTOR = YES;
				GCC_WARN_UNINITIALIZED_AUTOS = YES_AGGRESSIVE;
				GCC_WARN_UNUSED_FUNCTION = YES;
				GCC_WARN_UNUSED_VARIABLE = YES;
				IPHONEOS_DEPLOYMENT_TARGET = 10.2;
				MTL_ENABLE_DEBUG_INFO = YES;
				ONLY_ACTIVE_ARCH = YES;
				SDKROOT = iphoneos;
				TARGETED_DEVICE_FAMILY = "1,2";
			};
			name = Debug;
		};
		0032C7741F4DB94900CB9E39 /* Release */ = {
			isa = XCBuildConfiguration;
			buildSettings = {
				ALWAYS_SEARCH_USER_PATHS = NO;
				CLANG_ANALYZER_NONNULL = YES;
				CLANG_CXX_LANGUAGE_STANDARD = "gnu++0x";
				CLANG_CXX_LIBRARY = "libc++";
				CLANG_ENABLE_MODULES = YES;
				CLANG_ENABLE_OBJC_ARC = YES;
				CLANG_WARN_BOOL_CONVERSION = YES;
				CLANG_WARN_CONSTANT_CONVERSION = YES;
				CLANG_WARN_DIRECT_OBJC_ISA_USAGE = YES_ERROR;
				CLANG_WARN_DOCUMENTATION_COMMENTS = YES;
				CLANG_WARN_EMPTY_BODY = YES;
				CLANG_WARN_ENUM_CONVERSION = YES;
				CLANG_WARN_INFINITE_RECURSION = YES;
				CLANG_WARN_INT_CONVERSION = YES;
				CLANG_WARN_OBJC_ROOT_CLASS = YES_ERROR;
				CLANG_WARN_SUSPICIOUS_MOVE = YES;
				CLANG_WARN_UNREACHABLE_CODE = YES;
				CLANG_WARN__DUPLICATE_METHOD_MATCH = YES;
				"CODE_SIGN_IDENTITY[sdk=iphoneos*]" = "iPhone Developer";
				COPY_PHASE_STRIP = NO;
				DEBUG_INFORMATION_FORMAT = "dwarf-with-dsym";
				ENABLE_NS_ASSERTIONS = NO;
				ENABLE_STRICT_OBJC_MSGSEND = YES;
				GCC_C_LANGUAGE_STANDARD = gnu99;
				GCC_NO_COMMON_BLOCKS = YES;
				GCC_WARN_64_TO_32_BIT_CONVERSION = YES;
				GCC_WARN_ABOUT_RETURN_TYPE = YES_ERROR;
				GCC_WARN_UNDECLARED_SELECTOR = YES;
				GCC_WARN_UNINITIALIZED_AUTOS = YES_AGGRESSIVE;
				GCC_WARN_UNUSED_FUNCTION = YES;
				GCC_WARN_UNUSED_VARIABLE = YES;
				IPHONEOS_DEPLOYMENT_TARGET = 10.2;
				MTL_ENABLE_DEBUG_INFO = NO;
				SDKROOT = iphoneos;
				TARGETED_DEVICE_FAMILY = "1,2";
				VALIDATE_PRODUCT = YES;
			};
			name = Release;
		};
		0032C7761F4DB94900CB9E39 /* Debug */ = {
			isa = XCBuildConfiguration;
			buildSettings = {
				ASSETCATALOG_COMPILER_APPICON_NAME = AppIcon;
				DEVELOPMENT_TEAM = U3A2WCJ8XS;
				INFOPLIST_FILE = FlagQuiz/Info.plist;
				LD_RUNPATH_SEARCH_PATHS = "$(inherited) @executable_path/Frameworks";
				PRODUCT_BUNDLE_IDENTIFIER = pcrbrandao.FlagQuiz;
				PRODUCT_NAME = "$(TARGET_NAME)";
			};
			name = Debug;
		};
		0032C7771F4DB94900CB9E39 /* Release */ = {
			isa = XCBuildConfiguration;
			buildSettings = {
				ASSETCATALOG_COMPILER_APPICON_NAME = AppIcon;
				DEVELOPMENT_TEAM = U3A2WCJ8XS;
				INFOPLIST_FILE = FlagQuiz/Info.plist;
				LD_RUNPATH_SEARCH_PATHS = "$(inherited) @executable_path/Frameworks";
				PRODUCT_BUNDLE_IDENTIFIER = pcrbrandao.FlagQuiz;
				PRODUCT_NAME = "$(TARGET_NAME)";
			};
			name = Release;
		};
		0032C7791F4DB94900CB9E39 /* Debug */ = {
			isa = XCBuildConfiguration;
			buildSettings = {
				BUNDLE_LOADER = "$(TEST_HOST)";
				DEVELOPMENT_TEAM = U3A2WCJ8XS;
				INFOPLIST_FILE = FlagQuizTests/Info.plist;
				LD_RUNPATH_SEARCH_PATHS = "$(inherited) @executable_path/Frameworks @loader_path/Frameworks";
				PRODUCT_BUNDLE_IDENTIFIER = pcrbrandao.FlagQuizTests;
				PRODUCT_NAME = "$(TARGET_NAME)";
				TEST_HOST = "$(BUILT_PRODUCTS_DIR)/FlagQuiz.app/FlagQuiz";
			};
			name = Debug;
		};
		0032C77A1F4DB94900CB9E39 /* Release */ = {
			isa = XCBuildConfiguration;
			buildSettings = {
				BUNDLE_LOADER = "$(TEST_HOST)";
				DEVELOPMENT_TEAM = U3A2WCJ8XS;
				INFOPLIST_FILE = FlagQuizTests/Info.plist;
				LD_RUNPATH_SEARCH_PATHS = "$(inherited) @executable_path/Frameworks @loader_path/Frameworks";
				PRODUCT_BUNDLE_IDENTIFIER = pcrbrandao.FlagQuizTests;
				PRODUCT_NAME = "$(TARGET_NAME)";
				TEST_HOST = "$(BUILT_PRODUCTS_DIR)/FlagQuiz.app/FlagQuiz";
			};
			name = Release;
		};
		0032C77C1F4DB94900CB9E39 /* Debug */ = {
			isa = XCBuildConfiguration;
			buildSettings = {
				DEVELOPMENT_TEAM = U3A2WCJ8XS;
				INFOPLIST_FILE = FlagQuizUITests/Info.plist;
				LD_RUNPATH_SEARCH_PATHS = "$(inherited) @executable_path/Frameworks @loader_path/Frameworks";
				PRODUCT_BUNDLE_IDENTIFIER = pcrbrandao.FlagQuizUITests;
				PRODUCT_NAME = "$(TARGET_NAME)";
				TEST_TARGET_NAME = FlagQuiz;
			};
			name = Debug;
		};
		0032C77D1F4DB94900CB9E39 /* Release */ = {
			isa = XCBuildConfiguration;
			buildSettings = {
				DEVELOPMENT_TEAM = U3A2WCJ8XS;
				INFOPLIST_FILE = FlagQuizUITests/Info.plist;
				LD_RUNPATH_SEARCH_PATHS = "$(inherited) @executable_path/Frameworks @loader_path/Frameworks";
				PRODUCT_BUNDLE_IDENTIFIER = pcrbrandao.FlagQuizUITests;
				PRODUCT_NAME = "$(TARGET_NAME)";
				TEST_TARGET_NAME = FlagQuiz;
			};
			name = Release;
		};
/* End XCBuildConfiguration section */

/* Begin XCConfigurationList section */
		0032C7431F4DB94800CB9E39 /* Build configuration list for PBXProject "FlagQuiz" */ = {
			isa = XCConfigurationList;
			buildConfigurations = (
				0032C7731F4DB94900CB9E39 /* Debug */,
				0032C7741F4DB94900CB9E39 /* Release */,
			);
			defaultConfigurationIsVisible = 0;
			defaultConfigurationName = Release;
		};
		0032C7751F4DB94900CB9E39 /* Build configuration list for PBXNativeTarget "FlagQuiz" */ = {
			isa = XCConfigurationList;
			buildConfigurations = (
				0032C7761F4DB94900CB9E39 /* Debug */,
				0032C7771F4DB94900CB9E39 /* Release */,
			);
			defaultConfigurationIsVisible = 0;
		};
		0032C7781F4DB94900CB9E39 /* Build configuration list for PBXNativeTarget "FlagQuizTests" */ = {
			isa = XCConfigurationList;
			buildConfigurations = (
				0032C7791F4DB94900CB9E39 /* Debug */,
				0032C77A1F4DB94900CB9E39 /* Release */,
			);
			defaultConfigurationIsVisible = 0;
		};
		0032C77B1F4DB94900CB9E39 /* Build configuration list for PBXNativeTarget "FlagQuizUITests" */ = {
			isa = XCConfigurationList;
			buildConfigurations = (
				0032C77C1F4DB94900CB9E39 /* Debug */,
				0032C77D1F4DB94900CB9E39 /* Release */,
			);
			defaultConfigurationIsVisible = 0;
		};
/* End XCConfigurationList section */
	};
	rootObject = 0032C7401F4DB94800CB9E39 /* Project object */;
}
